// !$*UTF8*$!
{
	archiveVersion = 1;
	classes = {
	};
	objectVersion = 50;
	objects = {

/* Begin PBXBuildFile section */
		1BF4DDC62405489B0039A220 /* AppDelegate.swift in Sources */ = {isa = PBXBuildFile; fileRef = 1BF4DDC52405489B0039A220 /* AppDelegate.swift */; };
		1BF4DDC82405489B0039A220 /* SceneDelegate.swift in Sources */ = {isa = PBXBuildFile; fileRef = 1BF4DDC72405489B0039A220 /* SceneDelegate.swift */; };
		1BF4DDCA2405489B0039A220 /* ViewController.swift in Sources */ = {isa = PBXBuildFile; fileRef = 1BF4DDC92405489B0039A220 /* ViewController.swift */; };
		1BF4DDCD2405489B0039A220 /* Main.storyboard in Resources */ = {isa = PBXBuildFile; fileRef = 1BF4DDCB2405489B0039A220 /* Main.storyboard */; };
		1BF4DDCF2405489E0039A220 /* Assets.xcassets in Resources */ = {isa = PBXBuildFile; fileRef = 1BF4DDCE2405489E0039A220 /* Assets.xcassets */; };
		1BF4DDD22405489E0039A220 /* LaunchScreen.storyboard in Resources */ = {isa = PBXBuildFile; fileRef = 1BF4DDD02405489E0039A220 /* LaunchScreen.storyboard */; };
		1BF4DDDB24054A760039A220 /* ViewController.storyboard in Resources */ = {isa = PBXBuildFile; fileRef = 1BF4DDDA24054A760039A220 /* ViewController.storyboard */; };
		1BF4DDDD24054BAB0039A220 /* MyViewController.swift in Sources */ = {isa = PBXBuildFile; fileRef = 1BF4DDDC24054BAB0039A220 /* MyViewController.swift */; };
/* End PBXBuildFile section */

/* Begin PBXFileReference section */
		1BF4DDC22405489B0039A220 /* VCStudy.app */ = {isa = PBXFileReference; explicitFileType = wrapper.application; includeInIndex = 0; path = VCStudy.app; sourceTree = BUILT_PRODUCTS_DIR; };
		1BF4DDC52405489B0039A220 /* AppDelegate.swift */ = {isa = PBXFileReference; lastKnownFileType = sourcecode.swift; path = AppDelegate.swift; sourceTree = "<group>"; };
		1BF4DDC72405489B0039A220 /* SceneDelegate.swift */ = {isa = PBXFileReference; lastKnownFileType = sourcecode.swift; path = SceneDelegate.swift; sourceTree = "<group>"; };
		1BF4DDC92405489B0039A220 /* ViewController.swift */ = {isa = PBXFileReference; lastKnownFileType = sourcecode.swift; path = ViewController.swift; sourceTree = "<group>"; };
		1BF4DDCC2405489B0039A220 /* Base */ = {isa = PBXFileReference; lastKnownFileType = file.storyboard; name = Base; path = Base.lproj/Main.storyboard; sourceTree = "<group>"; };
		1BF4DDCE2405489E0039A220 /* Assets.xcassets */ = {isa = PBXFileReference; lastKnownFileType = folder.assetcatalog; path = Assets.xcassets; sourceTree = "<group>"; };
		1BF4DDD12405489E0039A220 /* Base */ = {isa = PBXFileReference; lastKnownFileType = file.storyboard; name = Base; path = Base.lproj/LaunchScreen.storyboard; sourceTree = "<group>"; };
		1BF4DDD32405489E0039A220 /* Info.plist */ = {isa = PBXFileReference; lastKnownFileType = text.plist.xml; path = Info.plist; sourceTree = "<group>"; };
		1BF4DDDA24054A760039A220 /* ViewController.storyboard */ = {isa = PBXFileReference; lastKnownFileType = file.storyboard; path = ViewController.storyboard; sourceTree = "<group>"; };
		1BF4DDDC24054BAB0039A220 /* MyViewController.swift */ = {isa = PBXFileReference; lastKnownFileType = sourcecode.swift; path = MyViewController.swift; sourceTree = "<group>"; };
/* End PBXFileReference section */

/* Begin PBXFrameworksBuildPhase section */
		1BF4DDBF2405489B0039A220 /* Frameworks */ = {
			isa = PBXFrameworksBuildPhase;
			buildActionMask = 2147483647;
			files = (
			);
			runOnlyForDeploymentPostprocessing = 0;
		};
/* End PBXFrameworksBuildPhase section */

/* Begin PBXGroup section */
		1BF4DDB92405489B0039A220 = {
			isa = PBXGroup;
			children = (
				1BF4DDC42405489B0039A220 /* VCStudy */,
				1BF4DDC32405489B0039A220 /* Products */,
			);
			sourceTree = "<group>";
		};
		1BF4DDC32405489B0039A220 /* Products */ = {
			isa = PBXGroup;
			children = (
				1BF4DDC22405489B0039A220 /* VCStudy.app */,
			);
			name = Products;
			sourceTree = "<group>";
		};
		1BF4DDC42405489B0039A220 /* VCStudy */ = {
			isa = PBXGroup;
			children = (
				1BF4DDD924054A620039A220 /* ViewController */,
				1BF4DDC52405489B0039A220 /* AppDelegate.swift */,
				1BF4DDC72405489B0039A220 /* SceneDelegate.swift */,
				1BF4DDC92405489B0039A220 /* ViewController.swift */,
				1BF4DDCB2405489B0039A220 /* Main.storyboard */,
				1BF4DDCE2405489E0039A220 /* Assets.xcassets */,
				1BF4DDD02405489E0039A220 /* LaunchScreen.storyboard */,
				1BF4DDD32405489E0039A220 /* Info.plist */,
			);
			path = VCStudy;
			sourceTree = "<group>";
		};
		1BF4DDD924054A620039A220 /* ViewController */ = {
			isa = PBXGroup;
			children = (
				1BF4DDDA24054A760039A220 /* ViewController.storyboard */,
				1BF4DDDC24054BAB0039A220 /* MyViewController.swift */,
			);
			path = ViewController;
			sourceTree = "<group>";
		};
/* End PBXGroup section */

/* Begin PBXNativeTarget section */
		1BF4DDC12405489B0039A220 /* VCStudy */ = {
			isa = PBXNativeTarget;
			buildConfigurationList = 1BF4DDD62405489E0039A220 /* Build configuration list for PBXNativeTarget "VCStudy" */;
			buildPhases = (
				1BF4DDBE2405489B0039A220 /* Sources */,
				1BF4DDBF2405489B0039A220 /* Frameworks */,
				1BF4DDC02405489B0039A220 /* Resources */,
			);
			buildRules = (
			);
			dependencies = (
			);
			name = VCStudy;
			productName = VCStudy;
			productReference = 1BF4DDC22405489B0039A220 /* VCStudy.app */;
			productType = "com.apple.product-type.application";
		};
/* End PBXNativeTarget section */

/* Begin PBXProject section */
		1BF4DDBA2405489B0039A220 /* Project object */ = {
			isa = PBXProject;
			attributes = {
				LastSwiftUpdateCheck = 1130;
				LastUpgradeCheck = 1130;
				ORGANIZATIONNAME = kjm;
				TargetAttributes = {
					1BF4DDC12405489B0039A220 = {
						CreatedOnToolsVersion = 11.3.1;
					};
				};
			};
			buildConfigurationList = 1BF4DDBD2405489B0039A220 /* Build configuration list for PBXProject "VCStudy" */;
			compatibilityVersion = "Xcode 9.3";
			developmentRegion = en;
			hasScannedForEncodings = 0;
			knownRegions = (
				en,
				Base,
			);
			mainGroup = 1BF4DDB92405489B0039A220;
			productRefGroup = 1BF4DDC32405489B0039A220 /* Products */;
			projectDirPath = "";
			projectRoot = "";
			targets = (
				1BF4DDC12405489B0039A220 /* VCStudy */,
			);
		};
/* End PBXProject section */

/* Begin PBXResourcesBuildPhase section */
		1BF4DDC02405489B0039A220 /* Resources */ = {
			isa = PBXResourcesBuildPhase;
			buildActionMask = 2147483647;
			files = (
				1BF4DDD22405489E0039A220 /* LaunchScreen.storyboard in Resources */,
				1BF4DDCF2405489E0039A220 /* Assets.xcassets in Resources */,
				1BF4DDCD2405489B0039A220 /* Main.storyboard in Resources */,
				1BF4DDDB24054A760039A220 /* ViewController.storyboard in Resources */,
			);
			runOnlyForDeploymentPostprocessing = 0;
		};
/* End PBXResourcesBuildPhase section */

/* Begin PBXSourcesBuildPhase section */
		1BF4DDBE2405489B0039A220 /* Sources */ = {
			isa = PBXSourcesBuildPhase;
			buildActionMask = 2147483647;
			files = (
				1BF4DDCA2405489B0039A220 /* ViewController.swift in Sources */,
				1BF4DDC62405489B0039A220 /* AppDelegate.swift in Sources */,
				1BF4DDDD24054BAB0039A220 /* MyViewController.swift in Sources */,
				1BF4DDC82405489B0039A220 /* SceneDelegate.swift in Sources */,
			);
			runOnlyForDeploymentPostprocessing = 0;
		};
/* End PBXSourcesBuildPhase section */

/* Begin PBXVariantGroup section */
		1BF4DDCB2405489B0039A220 /* Main.storyboard */ = {
			isa = PBXVariantGroup;
			children = (
				1BF4DDCC2405489B0039A220 /* Base */,
			);
			name = Main.storyboard;
			sourceTree = "<group>";
		};
		1BF4DDD02405489E0039A220 /* LaunchScreen.storyboard */ = {
			isa = PBXVariantGroup;
			children = (
				1BF4DDD12405489E0039A220 /* Base */,
			);
			name = LaunchScreen.storyboard;
			sourceTree = "<group>";
		};
/* End PBXVariantGroup section */

/* Begin XCBuildConfiguration section */
		1BF4DDD42405489E0039A220 /* Debug */ = {
			isa = XCBuildConfiguration;
			buildSettings = {
				ALWAYS_SEARCH_USER_PATHS = NO;
				CLANG_ANALYZER_NONNULL = YES;
				CLANG_ANALYZER_NUMBER_OBJECT_CONVERSION = YES_AGGRESSIVE;
				CLANG_CXX_LANGUAGE_STANDARD = "gnu++14";
				CLANG_CXX_LIBRARY = "libc++";
				CLANG_ENABLE_MODULES = YES;
				CLANG_ENABLE_OBJC_ARC = YES;
				CLANG_ENABLE_OBJC_WEAK = YES;
				CLANG_WARN_BLOCK_CAPTURE_AUTORELEASING = YES;
				CLANG_WARN_BOOL_CONVERSION = YES;
				CLANG_WARN_COMMA = YES;
				CLANG_WARN_CONSTANT_CONVERSION = YES;
				CLANG_WARN_DEPRECATED_OBJC_IMPLEMENTATIONS = YES;
				CLANG_WARN_DIRECT_OBJC_ISA_USAGE = YES_ERROR;
				CLANG_WARN_DOCUMENTATION_COMMENTS = YES;
				CLANG_WARN_EMPTY_BODY = YES;
				CLANG_WARN_ENUM_CONVERSION = YES;
				CLANG_WARN_INFINITE_RECURSION = YES;
				CLANG_WARN_INT_CONVERSION = YES;
				CLANG_WARN_NON_LITERAL_NULL_CONVERSION = YES;
				CLANG_WARN_OBJC_IMPLICIT_RETAIN_SELF = YES;
				CLANG_WARN_OBJC_LITERAL_CONVERSION = YES;
				CLANG_WARN_OBJC_ROOT_CLASS = YES_ERROR;
				CLANG_WARN_RANGE_LOOP_ANALYSIS = YES;
				CLANG_WARN_STRICT_PROTOTYPES = YES;
				CLANG_WARN_SUSPICIOUS_MOVE = YES;
				CLANG_WARN_UNGUARDED_AVAILABILITY = YES_AGGRESSIVE;
				CLANG_WARN_UNREACHABLE_CODE = YES;
				CLANG_WARN__DUPLICATE_METHOD_MATCH = YES;
				COPY_PHASE_STRIP = NO;
				DEBUG_INFORMATION_FORMAT = dwarf;
				ENABLE_STRICT_OBJC_MSGSEND = YES;
				ENABLE_TESTABILITY = YES;
				GCC_C_LANGUAGE_STANDARD = gnu11;
				GCC_DYNAMIC_NO_PIC = NO;
				GCC_NO_COMMON_BLOCKS = YES;
				GCC_OPTIMIZATION_LEVEL = 0;
				GCC_PREPROCESSOR_DEFINITIONS = (
					"DEBUG=1",
					"$(inherited)",
				);
				GCC_WARN_64_TO_32_BIT_CONVERSION = YES;
				GCC_WARN_ABOUT_RETURN_TYPE = YES_ERROR;
				GCC_WARN_UNDECLARED_SELECTOR = YES;
				GCC_WARN_UNINITIALIZED_AUTOS = YES_AGGRESSIVE;
				GCC_WARN_UNUSED_FUNCTION = YES;
				GCC_WARN_UNUSED_VARIABLE = YES;
				IPHONEOS_DEPLOYMENT_TARGET = 13.2;
				MTL_ENABLE_DEBUG_INFO = INCLUDE_SOURCE;
				MTL_FAST_MATH = YES;
				ONLY_ACTIVE_ARCH = YES;
				SDKROOT = iphoneos;
				SWIFT_ACTIVE_COMPILATION_CONDITIONS = DEBUG;
				SWIFT_OPTIMIZATION_LEVEL = "-Onone";
			};
			name = Debug;
		};
		1BF4DDD52405489E0039A220 /* Release */ = {
			isa = XCBuildConfiguration;
			buildSettings = {
				ALWAYS_SEARCH_USER_PATHS = NO;
				CLANG_ANALYZER_NONNULL = YES;
				CLANG_ANALYZER_NUMBER_OBJECT_CONVERSION = YES_AGGRESSIVE;
				CLANG_CXX_LANGUAGE_STANDARD = "gnu++14";
				CLANG_CXX_LIBRARY = "libc++";
				CLANG_ENABLE_MODULES = YES;
				CLANG_ENABLE_OBJC_ARC = YES;
				CLANG_ENABLE_OBJC_WEAK = YES;
				CLANG_WARN_BLOCK_CAPTURE_AUTORELEASING = YES;
				CLANG_WARN_BOOL_CONVERSION = YES;
				CLANG_WARN_COMMA = YES;
				CLANG_WARN_CONSTANT_CONVERSION = YES;
				CLANG_WARN_DEPRECATED_OBJC_IMPLEMENTATIONS = YES;
				CLANG_WARN_DIRECT_OBJC_ISA_USAGE = YES_ERROR;
				CLANG_WARN_DOCUMENTATION_COMMENTS = YES;
				CLANG_WARN_EMPTY_BODY = YES;
				CLANG_WARN_ENUM_CONVERSION = YES;
				CLANG_WARN_INFINITE_RECURSION = YES;
				CLANG_WARN_INT_CONVERSION = YES;
				CLANG_WARN_NON_LITERAL_NULL_CONVERSION = YES;
				CLANG_WARN_OBJC_IMPLICIT_RETAIN_SELF = YES;
				CLANG_WARN_OBJC_LITERAL_CONVERSION = YES;
				CLANG_WARN_OBJC_ROOT_CLASS = YES_ERROR;
				CLANG_WARN_RANGE_LOOP_ANALYSIS = YES;
				CLANG_WARN_STRICT_PROTOTYPES = YES;
				CLANG_WARN_SUSPICIOUS_MOVE = YES;
				CLANG_WARN_UNGUARDED_AVAILABILITY = YES_AGGRESSIVE;
				CLANG_WARN_UNREACHABLE_CODE = YES;
				CLANG_WARN__DUPLICATE_METHOD_MATCH = YES;
				COPY_PHASE_STRIP = NO;
				DEBUG_INFORMATION_FORMAT = "dwarf-with-dsym";
				ENABLE_NS_ASSERTIONS = NO;
				ENABLE_STRICT_OBJC_MSGSEND = YES;
				GCC_C_LANGUAGE_STANDARD = gnu11;
				GCC_NO_COMMON_BLOCKS = YES;
				GCC_WARN_64_TO_32_BIT_CONVERSION = YES;
				GCC_WARN_ABOUT_RETURN_TYPE = YES_ERROR;
				GCC_WARN_UNDECLARED_SELECTOR = YES;
				GCC_WARN_UNINITIALIZED_AUTOS = YES_AGGRESSIVE;
				GCC_WARN_UNUSED_FUNCTION = YES;
				GCC_WARN_UNUSED_VARIABLE = YES;
				IPHONEOS_DEPLOYMENT_TARGET = 13.2;
				MTL_ENABLE_DEBUG_INFO = NO;
				MTL_FAST_MATH = YES;
				SDKROOT = iphoneos;
				SWIFT_COMPILATION_MODE = wholemodule;
				SWIFT_OPTIMIZATION_LEVEL = "-O";
				VALIDATE_PRODUCT = YES;
			};
			name = Release;
		};
		1BF4DDD72405489E0039A220 /* Debug */ = {
			isa = XCBuildConfiguration;
			buildSettings = {
				ASSETCATALOG_COMPILER_APPICON_NAME = AppIcon;
				CODE_SIGN_STYLE = Automatic;
				INFOPLIST_FILE = VCStudy/Info.plist;
				LD_RUNPATH_SEARCH_PATHS = (
					"$(inherited)",
					"@executable_path/Frameworks",
				);
				PRODUCT_BUNDLE_IDENTIFIER = com.kjm.VCStudy;
				PRODUCT_NAME = "$(TARGET_NAME)";
				SWIFT_VERSION = 5.0;
				TARGETED_DEVICE_FAMILY = "1,2";
			};
			name = Debug;
		};
		1BF4DDD82405489E0039A220 /* Release */ = {
			isa = XCBuildConfiguration;
			buildSettings = {
				ASSETCATALOG_COMPILER_APPICON_NAME = AppIcon;
				CODE_SIGN_STYLE = Automatic;
				INFOPLIST_FILE = VCStudy/Info.plist;
				LD_RUNPATH_SEARCH_PATHS = (
					"$(inherited)",
					"@executable_path/Frameworks",
				);
				PRODUCT_BUNDLE_IDENTIFIER = com.kjm.VCStudy;
				PRODUCT_NAME = "$(TARGET_NAME)";
				SWIFT_VERSION = 5.0;
				TARGETED_DEVICE_FAMILY = "1,2";
			};
			name = Release;
		};
/* End XCBuildConfiguration section */

/* Begin XCConfigurationList section */
		1BF4DDBD2405489B0039A220 /* Build configuration list for PBXProject "VCStudy" */ = {
			isa = XCConfigurationList;
			buildConfigurations = (
				1BF4DDD42405489E0039A220 /* Debug */,
				1BF4DDD52405489E0039A220 /* Release */,
			);
			defaultConfigurationIsVisible = 0;
			defaultConfigurationName = Release;
		};
		1BF4DDD62405489E0039A220 /* Build configuration list for PBXNativeTarget "VCStudy" */ = {
			isa = XCConfigurationList;
			buildConfigurations = (
				1BF4DDD72405489E0039A220 /* Debug */,
				1BF4DDD82405489E0039A220 /* Release */,
			);
			defaultConfigurationIsVisible = 0;
			defaultConfigurationName = Release;
		};
/* End XCConfigurationList section */
	};
	rootObject = 1BF4DDBA2405489B0039A220 /* Project object */;
}
